{
    "name": "node-red-project",
    "version": "0.0.1",
    "lockfileVersion": 3,
    "requires": true,
    "packages": {
        "": {
            "name": "node-red-project",
            "version": "0.0.1",
            "dependencies": {
                "node-red-contrib-rhea": "~0.0.2"
            }
        },
        "node_modules/debug": {
            "version": "4.4.3",
            "resolved": "https://registry.npmjs.org/debug/-/debug-4.4.3.tgz",
            "integrity": "sha512-RGwwWnwQvkVfavKVt22FGLw+xYSdzARwm0ru6DhTVA3umU5hZc28V3kO4stgYryrTlLpuvgI9GiijltAjNbcqA==",
            "license": "MIT",
            "dependencies": {
                "ms": "^2.1.3"
            },
            "engines": {
                "node": ">=6.0"
            },
            "peerDependenciesMeta": {
                "supports-color": {
                    "optional": true
                }
            }
        },
        "node_modules/ms": {
            "version": "2.1.3",
            "resolved": "https://registry.npmjs.org/ms/-/ms-2.1.3.tgz",
            "integrity": "sha512-6FlzubTLZG3J2a/NVCAleEhjzq5oxgHyaCU9yYXvcLsvoVaHJq/s5xXI6/XXP6tz7R9xAOtHnSO/tXtF3WRTlA==",
            "license": "MIT"
        },
        "node_modules/node-red-contrib-rhea": {
            "version": "0.0.2",
            "resolved": "https://registry.npmjs.org/node-red-contrib-rhea/-/node-red-contrib-rhea-0.0.2.tgz",
            "integrity": "sha512-wVknmdhTbLoI4nB8I/AsfHFQQBNxTgE6qVpA4ECfTW1eMSFmQI1ilXZY9y0NML5ZbIvHEF1MpdzJEyiSj+eFUg==",
            "license": "Apache-2.0",
            "dependencies": {
                "rhea": "^0.2.2"
            }
        },
        "node_modules/rhea": {
            "version": "0.2.20",
            "resolved": "https://registry.npmjs.org/rhea/-/rhea-0.2.20.tgz",
            "integrity": "sha512-BQUUsPfNwJCoAwJ9xr6a8Ci9VCgLTs7CN09P3WAA0TNQPeLms5SbAXMcFIHKQGo64tUCR8i+iFnPGEei3UTBgg==",
            "license": "Apache-2.0",
            "dependencies": {
                "debug": ">=0.8.0"
            }
        }
    }
}
